
Microsoft Visual Studio Solution File, Format Version 12.00
# Visual Studio Version 17
VisualStudioVersion = 17.7.34031.279
MinimumVisualStudioVersion = 10.0.40219.1
Project("{9A19103F-16F7-4668-BE54-9A1E7A4F7556}") = "MeetingScheduler", "MeetingScheduler\MeetingScheduler.csproj", "{45931D88-E98C-47F1-93AE-A63F50ADEE5F}"
EndProject
Project("{9A19103F-16F7-4668-BE54-9A1E7A4F7556}") = "MeetingScheduler.Model", "MeetingScheduler.Model\MeetingScheduler.Model.csproj", "{F6536204-A1F4-4404-9334-D2549A8154B2}"
EndProject
Project("{9A19103F-16F7-4668-BE54-9A1E7A4F7556}") = "MeetingScheduler.Entities", "MeetingScheduler.Entities\MeetingScheduler.Entities.csproj", "{43132FFD-E7EE-4715-9A36-C8C42A15EBCC}"
EndProject
Project("{9A19103F-16F7-4668-BE54-9A1E7A4F7556}") = "MeetingScheduler.DAL", "MeetingScheduler.DAL\MeetingScheduler.DAL.csproj", "{DF6F1D44-2480-4136-AC7B-D53A9C005B65}"
EndProject
Project("{9A19103F-16F7-4668-BE54-9A1E7A4F7556}") = "MeetingScheduler.Common", "MeetingScheduler.Common\MeetingScheduler.Common.csproj", "{396F5867-2C13-47C9-8329-DC6C28D17BC9}"
EndProject
Project("{9A19103F-16F7-4668-BE54-9A1E7A4F7556}") = "MeetingScheduler.WebApi", "MeetingScheduler.WebApi\MeetingScheduler.WebApi.csproj", "{4A3E3F33-0781-4E04-A252-CC8EADB08B57}"
EndProject
Global
	GlobalSection(SolutionConfigurationPlatforms) = preSolution
		Debug|Any CPU = Debug|Any CPU
		Release|Any CPU = Release|Any CPU
	EndGlobalSection
	GlobalSection(ProjectConfigurationPlatforms) = postSolution
		{45931D88-E98C-47F1-93AE-A63F50ADEE5F}.Debug|Any CPU.ActiveCfg = Debug|Any CPU
		{45931D88-E98C-47F1-93AE-A63F50ADEE5F}.Debug|Any CPU.Build.0 = Debug|Any CPU
		{45931D88-E98C-47F1-93AE-A63F50ADEE5F}.Release|Any CPU.ActiveCfg = Release|Any CPU
		{45931D88-E98C-47F1-93AE-A63F50ADEE5F}.Release|Any CPU.Build.0 = Release|Any CPU
		{F6536204-A1F4-4404-9334-D2549A8154B2}.Debug|Any CPU.ActiveCfg = Debug|Any CPU
		{F6536204-A1F4-4404-9334-D2549A8154B2}.Debug|Any CPU.Build.0 = Debug|Any CPU
		{F6536204-A1F4-4404-9334-D2549A8154B2}.Release|Any CPU.ActiveCfg = Release|Any CPU
		{F6536204-A1F4-4404-9334-D2549A8154B2}.Release|Any CPU.Build.0 = Release|Any CPU
		{43132FFD-E7EE-4715-9A36-C8C42A15EBCC}.Debug|Any CPU.ActiveCfg = Debug|Any CPU
		{43132FFD-E7EE-4715-9A36-C8C42A15EBCC}.Debug|Any CPU.Build.0 = Debug|Any CPU
		{43132FFD-E7EE-4715-9A36-C8C42A15EBCC}.Release|Any CPU.ActiveCfg = Release|Any CPU
		{43132FFD-E7EE-4715-9A36-C8C42A15EBCC}.Release|Any CPU.Build.0 = Release|Any CPU
		{DF6F1D44-2480-4136-AC7B-D53A9C005B65}.Debug|Any CPU.ActiveCfg = Debug|Any CPU
		{DF6F1D44-2480-4136-AC7B-D53A9C005B65}.Debug|Any CPU.Build.0 = Debug|Any CPU
		{DF6F1D44-2480-4136-AC7B-D53A9C005B65}.Release|Any CPU.ActiveCfg = Release|Any CPU
		{DF6F1D44-2480-4136-AC7B-D53A9C005B65}.Release|Any CPU.Build.0 = Release|Any CPU
		{396F5867-2C13-47C9-8329-DC6C28D17BC9}.Debug|Any CPU.ActiveCfg = Debug|Any CPU
		{396F5867-2C13-47C9-8329-DC6C28D17BC9}.Debug|Any CPU.Build.0 = Debug|Any CPU
		{396F5867-2C13-47C9-8329-DC6C28D17BC9}.Release|Any CPU.ActiveCfg = Release|Any CPU
		{396F5867-2C13-47C9-8329-DC6C28D17BC9}.Release|Any CPU.Build.0 = Release|Any CPU
		{4A3E3F33-0781-4E04-A252-CC8EADB08B57}.Debug|Any CPU.ActiveCfg = Debug|Any CPU
		{4A3E3F33-0781-4E04-A252-CC8EADB08B57}.Debug|Any CPU.Build.0 = Debug|Any CPU
		{4A3E3F33-0781-4E04-A252-CC8EADB08B57}.Release|Any CPU.ActiveCfg = Release|Any CPU
		{4A3E3F33-0781-4E04-A252-CC8EADB08B57}.Release|Any CPU.Build.0 = Release|Any CPU
	EndGlobalSection
	GlobalSection(SolutionProperties) = preSolution
		HideSolutionNode = FALSE
	EndGlobalSection
	GlobalSection(ExtensibilityGlobals) = postSolution
		SolutionGuid = {2AB8E3D3-FCA1-4659-B29D-C125B3B2CB43}
	EndGlobalSection
EndGlobal
