
Microsoft Visual Studio Solution File, Format Version 12.00
# Visual Studio Version 17
VisualStudioVersion = 17.7.34031.279
MinimumVisualStudioVersion = 10.0.40219.1
Project("{FAE04EC0-301F-11D3-BF4B-00C04F79EFBC}") = "DXC_Technology", "DXC_Technology\DXC_Technology.csproj", "{57E9C624-DF7E-4F85-B705-4DFD2555C6A7}"
EndProject
Global
	GlobalSection(SolutionConfigurationPlatforms) = preSolution
		Debug|Any CPU = Debug|Any CPU
		Release|Any CPU = Release|Any CPU
	EndGlobalSection
	GlobalSection(ProjectConfigurationPlatforms) = postSolution
		{57E9C624-DF7E-4F85-B705-4DFD2555C6A7}.Debug|Any CPU.ActiveCfg = Debug|Any CPU
		{57E9C624-DF7E-4F85-B705-4DFD2555C6A7}.Debug|Any CPU.Build.0 = Debug|Any CPU
		{57E9C624-DF7E-4F85-B705-4DFD2555C6A7}.Release|Any CPU.ActiveCfg = Release|Any CPU
		{57E9C624-DF7E-4F85-B705-4DFD2555C6A7}.Release|Any CPU.Build.0 = Release|Any CPU
	EndGlobalSection
	GlobalSection(SolutionProperties) = preSolution
		HideSolutionNode = FALSE
	EndGlobalSection
	GlobalSection(ExtensibilityGlobals) = postSolution
		SolutionGuid = {0EE418A9-5C1E-43B1-AE7F-C8EB452A5AC8}
	EndGlobalSection
EndGlobal
