
Microsoft Visual Studio Solution File, Format Version 12.00
# Visual Studio Version 17
VisualStudioVersion = 17.6.33829.357
MinimumVisualStudioVersion = 10.0.40219.1
Project("{9A19103F-16F7-4668-BE54-9A1E7A4F7556}") = "DiscussionForumUserInterface", "DiscussionForumUserInterface.csproj", "{C12CF5E3-0730-4D24-A32D-4298D56646ED}"
EndProject
Global
	GlobalSection(SolutionConfigurationPlatforms) = preSolution
		Debug|Any CPU = Debug|Any CPU
		Release|Any CPU = Release|Any CPU
	EndGlobalSection
	GlobalSection(ProjectConfigurationPlatforms) = postSolution
		{C12CF5E3-0730-4D24-A32D-4298D56646ED}.Debug|Any CPU.ActiveCfg = Debug|Any CPU
		{C12CF5E3-0730-4D24-A32D-4298D56646ED}.Debug|Any CPU.Build.0 = Debug|Any CPU
		{C12CF5E3-0730-4D24-A32D-4298D56646ED}.Release|Any CPU.ActiveCfg = Release|Any CPU
		{C12CF5E3-0730-4D24-A32D-4298D56646ED}.Release|Any CPU.Build.0 = Release|Any CPU
	EndGlobalSection
	GlobalSection(SolutionProperties) = preSolution
		HideSolutionNode = FALSE
	EndGlobalSection
	GlobalSection(ExtensibilityGlobals) = postSolution
		SolutionGuid = {3A7EB32C-B833-4E40-9683-04E873422861}
	EndGlobalSection
EndGlobal
