
Microsoft Visual Studio Solution File, Format Version 12.00
# Visual Studio Version 17
VisualStudioVersion = 17.7.34009.444
MinimumVisualStudioVersion = 10.0.40219.1
Project("{9A19103F-16F7-4668-BE54-9A1E7A4F7556}") = "TaskManagement.Api", "TaskManagement.Api\TaskManagement.Api.csproj", "{F4F87539-8804-47D0-844C-1755D4707F35}"
EndProject
Project("{9A19103F-16F7-4668-BE54-9A1E7A4F7556}") = "TaskManagement.WebApp", "TaskManagement.WebApp\TaskManagement.WebApp.csproj", "{83D3F9D9-7007-4BBB-838B-41E91308AE54}"
EndProject
Global
	GlobalSection(SolutionConfigurationPlatforms) = preSolution
		Debug|Any CPU = Debug|Any CPU
		Release|Any CPU = Release|Any CPU
	EndGlobalSection
	GlobalSection(ProjectConfigurationPlatforms) = postSolution
		{F4F87539-8804-47D0-844C-1755D4707F35}.Debug|Any CPU.ActiveCfg = Debug|Any CPU
		{F4F87539-8804-47D0-844C-1755D4707F35}.Debug|Any CPU.Build.0 = Debug|Any CPU
		{F4F87539-8804-47D0-844C-1755D4707F35}.Release|Any CPU.ActiveCfg = Release|Any CPU
		{F4F87539-8804-47D0-844C-1755D4707F35}.Release|Any CPU.Build.0 = Release|Any CPU
		{83D3F9D9-7007-4BBB-838B-41E91308AE54}.Debug|Any CPU.ActiveCfg = Debug|Any CPU
		{83D3F9D9-7007-4BBB-838B-41E91308AE54}.Debug|Any CPU.Build.0 = Debug|Any CPU
		{83D3F9D9-7007-4BBB-838B-41E91308AE54}.Release|Any CPU.ActiveCfg = Release|Any CPU
		{83D3F9D9-7007-4BBB-838B-41E91308AE54}.Release|Any CPU.Build.0 = Release|Any CPU
	EndGlobalSection
	GlobalSection(SolutionProperties) = preSolution
		HideSolutionNode = FALSE
	EndGlobalSection
	GlobalSection(ExtensibilityGlobals) = postSolution
		SolutionGuid = {2A00EB07-82BB-449F-8121-350A835D544B}
	EndGlobalSection
EndGlobal
